
Microsoft Visual Studio Solution File, Format Version 12.00
# Visual Studio 15
VisualStudioVersion = 15.0.28307.168
MinimumVisualStudioVersion = 10.0.40219.1
Project("{FAE04EC0-301F-11D3-BF4B-00C04F79EFBC}") = "JustSnake", "JustSnake\JustSnake.csproj", "{E54FF368-2582-4B0A-BA27-68265E9EA407}"
EndProject
Global
	GlobalSection(SolutionConfigurationPlatforms) = preSolution
		Debug|Any CPU = Debug|Any CPU
		Release|Any CPU = Release|Any CPU
	EndGlobalSection
	GlobalSection(ProjectConfigurationPlatforms) = postSolution
		{E54FF368-2582-4B0A-BA27-68265E9EA407}.Debug|Any CPU.ActiveCfg = Debug|Any CPU
		{E54FF368-2582-4B0A-BA27-68265E9EA407}.Debug|Any CPU.Build.0 = Debug|Any CPU
		{E54FF368-2582-4B0A-BA27-68265E9EA407}.Release|Any CPU.ActiveCfg = Release|Any CPU
		{E54FF368-2582-4B0A-BA27-68265E9EA407}.Release|Any CPU.Build.0 = Release|Any CPU
	EndGlobalSection
	GlobalSection(SolutionProperties) = preSolution
		HideSolutionNode = FALSE
	EndGlobalSection
	GlobalSection(ExtensibilityGlobals) = postSolution
		SolutionGuid = {1A52A9B7-233D-4B11-AC44-601161BA6BB5}
	EndGlobalSection
EndGlobal
